<?xml version="1.0" encoding="utf-8"?>
<Project ToolsVersion="4.0" xmlns="http://schemas.microsoft.com/developer/msbuild/2003">
  <ItemGroup>
    <ClCompile Include="Src\main.cpp" />
    <ClCompile Include="Src\RedisAsynClient.cpp" />
    <ClCompile Include="Src\RedisClient.cpp" />
    <ClCompile Include="Src\RedisSyncClient.cpp" />
    <ClCompile Include="Src\RedisClusterSyncClient.cpp" />
    <ClCompile Include="Include\hiredis-vip\dict.c" />
    <ClCompile Include="Src\RedisProxyImpl.cpp" />
    <ClCompile Include="Src\RedisEvent.cpp" />
    <ClCompile Include="Src\RedisResult.cpp" />
    <ClCompile Include="Src\RedisUtils.cpp" />
    <ClCompile Include="Src\RedisClusterAsyncClient.cpp" />
    <ClCompile Include="Src\RedisTimer.cpp" />
    <ClCompile Include="Include\redis\hiredis-vip\dict.c" />
    <ClCompile Include="Src\RedisConnectEvent.cpp" />
    <ClCompile Include="Src\RedisAuthEvent.cpp" />
    <ClCompile Include="Src\RedisHSetEvent.cpp" />
    <ClCompile Include="Src\RedisHGetEvent.cpp" />
    <ClCompile Include="Src\RedisExpireEvent.cpp" />
    <ClCompile Include="Src\SetTpgwEvent.cpp" />
    <ClCompile Include="Src\SetTpgwExpireEvent.cpp" />
    <ClCompile Include="Src\DelTpgwEvent.cpp" />
    <ClCompile Include="Src\GetTpgwEvent.cpp" />
  </ItemGroup>
  <ItemGroup>
    <None Include="ClassDiagram.cd" />
    <None Include="Makefile" />
  </ItemGroup>
  <ItemGroup>
    <ClInclude Include="Include\RedisAsynClient.h" />
    <ClInclude Include="Include\RedisClient.h" />
    <ClInclude Include="Include\RedisSyncClient.h" />
    <ClInclude Include="Include\hiredis\async.h" />
    <ClInclude Include="Include\hiredis\hiredis.h" />
    <ClInclude Include="Include\RedisClusterSyncClient.h" />
    <ClInclude Include="Include\hiredis\adapters\ae.h" />
    <ClInclude Include="Include\hiredis\adapters\libev.h" />
    <ClInclude Include="Include\hiredis\adapters\libevent.h" />
    <ClInclude Include="Include\hiredis\adapters\libuv.h" />
    <ClInclude Include="Include\hiredis-vip\adapters\ae.h" />
    <ClInclude Include="Include\hiredis-vip\adapters\glib.h" />
    <ClInclude Include="Include\hiredis-vip\adapters\libev.h" />
    <ClInclude Include="Include\hiredis-vip\adapters\libevent.h" />
    <ClInclude Include="Include\hiredis-vip\adapters\libuv.h" />
    <ClInclude Include="Include\hiredis-vip\adlist.h" />
    <ClInclude Include="Include\hiredis-vip\async.h" />
    <ClInclude Include="Include\hiredis-vip\dict.h" />
    <ClInclude Include="Include\hiredis-vip\fmacros.h" />
    <ClInclude Include="Include\hiredis-vip\hiarray.h" />
    <ClInclude Include="Include\hiredis-vip\hircluster.h" />
    <ClInclude Include="Include\hiredis-vip\hiredis.h" />
    <ClInclude Include="Include\hiredis-vip\hiutil.h" />
    <ClInclude Include="Include\hiredis-vip\read.h" />
    <ClInclude Include="Include\hiredis-vip\sds.h" />
    <ClInclude Include="Include\RedisProxyImpl.h" />
    <ClInclude Include="Include\RedisEvent.h" />
    <ClInclude Include="Include\RedisEventSink.h" />
    <ClInclude Include="Include\RedisDefine.h" />
    <ClInclude Include="Include\RedisResult.h" />
    <ClInclude Include="Include\ConnectResult.h" />
    <ClInclude Include="Include\DisconnectResult.h" />
    <ClInclude Include="Include\RedisStringResult.h" />
    <ClInclude Include="Include\RedisArrayResult.h" />
    <ClInclude Include="Include\RedisIntegerResult.h" />
    <ClInclude Include="Include\RedisNilResult.h" />
    <ClInclude Include="Include\RedisStatusResult.h" />
    <ClInclude Include="Include\RedisErrorResult.h" />
    <ClInclude Include="Include\RedisNullReplyResult.h" />
    <ClInclude Include="Include\RedisUtils.h" />
    <ClInclude Include="Include\RedisClusterAsyncClient.h" />
    <ClInclude Include="Include\arm\t120base.h" />
    <ClInclude Include="Include\arm\t120buffer.h" />
    <ClInclude Include="Include\arm\t120defs.h" />
    <ClInclude Include="Include\arm\t120epoller.h" />
    <ClInclude Include="Include\arm\t120poller.h" />
    <ClInclude Include="Include\arm\t120socket.h" />
    <ClInclude Include="Include\arm\t120thread.h" />
    <ClInclude Include="Include\arm\t120trace.h" />
    <ClInclude Include="Include\arm\t120trace_ext.h" />
    <ClInclude Include="Include\arm\t120utility.h" />
    <ClInclude Include="Include\RedisTimer.h" />
    <ClInclude Include="Include\RedisTimerSink.h" />
    <ClInclude Include="Include\litebase\libuv\uv.h" />
    <ClInclude Include="Include\litebase\libuv\uv-errno.h" />
    <ClInclude Include="Include\litebase\libuv\uv-linux.h" />
    <ClInclude Include="Include\litebase\libuv\uv-threadpool.h" />
    <ClInclude Include="Include\litebase\libuv\uv-unix.h" />
    <ClInclude Include="Include\litebase\libuv\uv-version.h" />
    <ClInclude Include="Include\litebase\BinaryBuffer.h" />
    <ClInclude Include="Include\litebase\ConditionVariable.h" />
    <ClInclude Include="Include\litebase\Config.h" />
    <ClInclude Include="Include\litebase\Encrypt.h" />
    <ClInclude Include="Include\litebase\Macro.h" />
    <ClInclude Include="Include\litebase\Mutex.h" />
    <ClInclude Include="Include\litebase\Noncopyable.h" />
    <ClInclude Include="Include\litebase\OSAdapter.h" />
    <ClInclude Include="Include\litebase\OSTypeDefine.h" />
    <ClInclude Include="Include\litebase\ReferenceCount.h" />
    <ClInclude Include="Include\litebase\RWLock.h" />
    <ClInclude Include="Include\litebase\ScopeLock.h" />
    <ClInclude Include="Include\litebase\Singleton.h" />
    <ClInclude Include="Include\litebase\Thread.h" />
    <ClInclude Include="Include\litebase\TimeMeasure.h" />
    <ClInclude Include="Include\litebase\Timer.h" />
    <ClInclude Include="Include\litebase\Trace.h" />
    <ClInclude Include="Include\litebase\Utility.h" />
    <ClInclude Include="Include\litebase\Version.h" />
    <ClInclude Include="Include\redis\hiredis\adapters\ae.h" />
    <ClInclude Include="Include\redis\hiredis\adapters\libev.h" />
    <ClInclude Include="Include\redis\hiredis\adapters\libevent.h" />
    <ClInclude Include="Include\redis\hiredis\adapters\libuv.h" />
    <ClInclude Include="Include\redis\hiredis\async.h" />
    <ClInclude Include="Include\redis\hiredis\hiredis.h" />
    <ClInclude Include="Include\redis\hiredis-vip\adapters\ae.h" />
    <ClInclude Include="Include\redis\hiredis-vip\adapters\glib.h" />
    <ClInclude Include="Include\redis\hiredis-vip\adapters\libev.h" />
    <ClInclude Include="Include\redis\hiredis-vip\adapters\libevent.h" />
    <ClInclude Include="Include\redis\hiredis-vip\adapters\libuv.h" />
    <ClInclude Include="Include\redis\hiredis-vip\adlist.h" />
    <ClInclude Include="Include\redis\hiredis-vip\async.h" />
    <ClInclude Include="Include\redis\hiredis-vip\dict.h" />
    <ClInclude Include="Include\redis\hiredis-vip\fmacros.h" />
    <ClInclude Include="Include\redis\hiredis-vip\hiarray.h" />
    <ClInclude Include="Include\redis\hiredis-vip\hircluster.h" />
    <ClInclude Include="Include\redis\hiredis-vip\hiredis.h" />
    <ClInclude Include="Include\redis\hiredis-vip\hiutil.h" />
    <ClInclude Include="Include\redis\hiredis-vip\read.h" />
    <ClInclude Include="Include\redis\hiredis-vip\sds.h" />
    <ClInclude Include="Include\redis\ae.h" />
    <ClInclude Include="Include\RedisConnectEvent.h" />
    <ClInclude Include="Include\RedisAuthEvent.h" />
    <ClInclude Include="Include\RedisHSetEvent.h" />
    <ClInclude Include="Include\RedisHGetEvent.h" />
    <ClInclude Include="Include\RedisExpireEvent.h" />
    <ClInclude Include="Include\redis\config.h" />
    <ClInclude Include="Include\redis\zmalloc.h" />
    <ClInclude Include="Include\arm\t120bs.h" />
    <ClInclude Include="Include\arm\apptokenutil.h" />
    <ClInclude Include="Include\arm\idatapkt.h" />
    <ClInclude Include="Include\arm\platform.h" />
    <ClInclude Include="Include\arm\safe_mem_lib.h" />
    <ClInclude Include="Include\arm\safe_str_lib.h" />
    <ClInclude Include="Include\arm\dlldec.h" />
    <ClInclude Include="Include\arm\gcc.h" />
    <ClInclude Include="Include\arm\gcc_wrap.h" />
    <ClInclude Include="Include\arm\mem_primitives_lib.h" />
    <ClInclude Include="Include\arm\safe_lib.h" />
    <ClInclude Include="Include\arm\safe_lib_errno.h" />
    <ClInclude Include="Include\arm\safe_types.h" />
    <ClInclude Include="Include\arm\wbxconfid.h" />
    <ClInclude Include="Include\HiredisHeader.h" />
    <ClInclude Include="Include\DelTpgwEvent.h" />
    <ClInclude Include="Include\GetTpgwEvent.h" />
    <ClInclude Include="Include\RedisProxySink.h" />
    <ClInclude Include="Include\SetTpgwEvent.h" />
    <ClInclude Include="Include\SetTpgwExpireEvent.h" />
  </ItemGroup>
  <ItemGroup>
    <Library Include="Lib\libhiredis.a" />
    <Library Include="Lib\libarm.a" />
    <Library Include="Lib\liblitebase.a" />
    <Library Include="Lib\libae.a" />
  </ItemGroup>
</Project>